
Microsoft Visual Studio Solution File, Format Version 12.00
# Visual Studio Version 16
VisualStudioVersion = 16.0.30413.136
MinimumVisualStudioVersion = 10.0.40219.1
Project("{FAE04EC0-301F-11D3-BF4B-00C04F79EFBC}") = "ParkingPOCAPI", "src\ParkingPOCAPI\ParkingPOCAPI.csproj", "{6799853A-B070-4D3F-A399-2D0285EBACA8}"
EndProject
Global
	GlobalSection(SolutionConfigurationPlatforms) = preSolution
		Debug|Any CPU = Debug|Any CPU
		Release|Any CPU = Release|Any CPU
	EndGlobalSection
	GlobalSection(ProjectConfigurationPlatforms) = postSolution
		{6799853A-B070-4D3F-A399-2D0285EBACA8}.Debug|Any CPU.ActiveCfg = Debug|Any CPU
		{6799853A-B070-4D3F-A399-2D0285EBACA8}.Debug|Any CPU.Build.0 = Debug|Any CPU
		{6799853A-B070-4D3F-A399-2D0285EBACA8}.Release|Any CPU.ActiveCfg = Release|Any CPU
		{6799853A-B070-4D3F-A399-2D0285EBACA8}.Release|Any CPU.Build.0 = Release|Any CPU
	EndGlobalSection
	GlobalSection(SolutionProperties) = preSolution
		HideSolutionNode = FALSE
	EndGlobalSection
	GlobalSection(ExtensibilityGlobals) = postSolution
		SolutionGuid = {DA9AC0B5-EB43-4148-B6FE-805CB7852FAA}
	EndGlobalSection
EndGlobal
