
Microsoft Visual Studio Solution File, Format Version 12.00
# Visual Studio Version 16
VisualStudioVersion = 16.0.30413.136
MinimumVisualStudioVersion = 10.0.40219.1
Project("{FAE04EC0-301F-11D3-BF4B-00C04F79EFBC}") = "ParkingPOCAPI", "src\ParkingPOCAPI\ParkingPOCAPI.csproj", "{6799853A-B070-4D3F-A399-2D0285EBACA8}"
EndProject
Project("{2150E333-8FDC-42A3-9474-1A3956D46DE8}") = "src", "src", "{3A5D05B6-05F4-4578-ACA5-3A5C4FF080CF}"
EndProject
Project("{2150E333-8FDC-42A3-9474-1A3956D46DE8}") = "1 - WebAPI", "1 - WebAPI", "{9FDE02D2-A548-4B8A-B2FD-078C6333B54B}"
EndProject
Project("{2150E333-8FDC-42A3-9474-1A3956D46DE8}") = "test", "test", "{175BB867-D177-4587-8E33-85A74354911D}"
EndProject
Project("{2150E333-8FDC-42A3-9474-1A3956D46DE8}") = "2 - Service", "2 - Service", "{5676EF79-52D7-40AA-9A54-6C36DF789360}"
EndProject
Project("{2150E333-8FDC-42A3-9474-1A3956D46DE8}") = "3 - Infra", "3 - Infra", "{D3204EF8-8EEB-41A3-8EC3-CA32EC31CE44}"
EndProject
Project("{2150E333-8FDC-42A3-9474-1A3956D46DE8}") = "Interfaces", "Interfaces", "{6FAB7721-E707-49DB-AB62-BD74B91446D0}"
EndProject
Project("{2150E333-8FDC-42A3-9474-1A3956D46DE8}") = "Models", "Models", "{8B795C00-BEAF-4961-A72D-E9A0C4852AC9}"
EndProject
Project("{2150E333-8FDC-42A3-9474-1A3956D46DE8}") = "Services", "Services", "{D8041465-C696-4AE7-90FF-6BAD0BE9A724}"
EndProject
Global
	GlobalSection(SolutionConfigurationPlatforms) = preSolution
		Debug|Any CPU = Debug|Any CPU
		Release|Any CPU = Release|Any CPU
	EndGlobalSection
	GlobalSection(ProjectConfigurationPlatforms) = postSolution
		{6799853A-B070-4D3F-A399-2D0285EBACA8}.Debug|Any CPU.ActiveCfg = Debug|Any CPU
		{6799853A-B070-4D3F-A399-2D0285EBACA8}.Debug|Any CPU.Build.0 = Debug|Any CPU
		{6799853A-B070-4D3F-A399-2D0285EBACA8}.Release|Any CPU.ActiveCfg = Release|Any CPU
		{6799853A-B070-4D3F-A399-2D0285EBACA8}.Release|Any CPU.Build.0 = Release|Any CPU
	EndGlobalSection
	GlobalSection(SolutionProperties) = preSolution
		HideSolutionNode = FALSE
	EndGlobalSection
	GlobalSection(NestedProjects) = preSolution
		{6799853A-B070-4D3F-A399-2D0285EBACA8} = {9FDE02D2-A548-4B8A-B2FD-078C6333B54B}
		{9FDE02D2-A548-4B8A-B2FD-078C6333B54B} = {3A5D05B6-05F4-4578-ACA5-3A5C4FF080CF}
		{5676EF79-52D7-40AA-9A54-6C36DF789360} = {3A5D05B6-05F4-4578-ACA5-3A5C4FF080CF}
		{D3204EF8-8EEB-41A3-8EC3-CA32EC31CE44} = {3A5D05B6-05F4-4578-ACA5-3A5C4FF080CF}
		{6FAB7721-E707-49DB-AB62-BD74B91446D0} = {5676EF79-52D7-40AA-9A54-6C36DF789360}
		{8B795C00-BEAF-4961-A72D-E9A0C4852AC9} = {5676EF79-52D7-40AA-9A54-6C36DF789360}
		{D8041465-C696-4AE7-90FF-6BAD0BE9A724} = {5676EF79-52D7-40AA-9A54-6C36DF789360}
	EndGlobalSection
	GlobalSection(ExtensibilityGlobals) = postSolution
		SolutionGuid = {DA9AC0B5-EB43-4148-B6FE-805CB7852FAA}
	EndGlobalSection
EndGlobal
